// !$*UTF8*$!
{
	archiveVersion = 1;
	classes = {
	};
	objectVersion = 46;
	objects = {

/* Begin PBXBuildFile section */
		3032B8931805A10100064F85 /* Foundation.framework in Frameworks */ = {isa = PBXBuildFile; fileRef = 3032B8921805A10100064F85 /* Foundation.framework */; };
		3032B8951805A10100064F85 /* CoreGraphics.framework in Frameworks */ = {isa = PBXBuildFile; fileRef = 3032B8941805A10100064F85 /* CoreGraphics.framework */; };
		3032B8971805A10100064F85 /* UIKit.framework in Frameworks */ = {isa = PBXBuildFile; fileRef = 3032B8961805A10100064F85 /* UIKit.framework */; };
		3032B89D1805A10100064F85 /* InfoPlist.strings in Resources */ = {isa = PBXBuildFile; fileRef = 3032B89B1805A10100064F85 /* InfoPlist.strings */; };
		3032B89F1805A10100064F85 /* main.m in Sources */ = {isa = PBXBuildFile; fileRef = 3032B89E1805A10100064F85 /* main.m */; };
		3032B8A31805A10100064F85 /* DEMOAppDelegate.m in Sources */ = {isa = PBXBuildFile; fileRef = 3032B8A21805A10100064F85 /* DEMOAppDelegate.m */; };
		3032B8A61805A10100064F85 /* Main.storyboard in Resources */ = {isa = PBXBuildFile; fileRef = 3032B8A41805A10100064F85 /* Main.storyboard */; };
		3032B8A91805A10100064F85 /* DEMORootViewController.m in Sources */ = {isa = PBXBuildFile; fileRef = 3032B8A81805A10100064F85 /* DEMORootViewController.m */; };
		3032B8AB1805A10100064F85 /* Images.xcassets in Resources */ = {isa = PBXBuildFile; fileRef = 3032B8AA1805A10100064F85 /* Images.xcassets */; };
		3032B8B21805A10100064F85 /* XCTest.framework in Frameworks */ = {isa = PBXBuildFile; fileRef = 3032B8B11805A10100064F85 /* XCTest.framework */; };
		3032B8B31805A10100064F85 /* Foundation.framework in Frameworks */ = {isa = PBXBuildFile; fileRef = 3032B8921805A10100064F85 /* Foundation.framework */; };
		3032B8B41805A10100064F85 /* UIKit.framework in Frameworks */ = {isa = PBXBuildFile; fileRef = 3032B8961805A10100064F85 /* UIKit.framework */; };
		3032B8CE1805A1BC00064F85 /* DEMOHomeViewController.m in Sources */ = {isa = PBXBuildFile; fileRef = 3032B8CD1805A1BC00064F85 /* DEMOHomeViewController.m */; };
		3032B8D11805A1D200064F85 /* DEMOMenuViewController.m in Sources */ = {isa = PBXBuildFile; fileRef = 3032B8D01805A1D200064F85 /* DEMOMenuViewController.m */; };
		3032B8E71805A26500064F85 /* DEMONavigationController.m in Sources */ = {isa = PBXBuildFile; fileRef = 3032B8E61805A26500064F85 /* DEMONavigationController.m */; };
		3032B8EA1805A4BF00064F85 /* DEMOSecondViewController.m in Sources */ = {isa = PBXBuildFile; fileRef = 3032B8E91805A4BF00064F85 /* DEMOSecondViewController.m */; };
		3032B8FD1805AB5600064F85 /* avatar@2x.jpg in Resources */ = {isa = PBXBuildFile; fileRef = 3032B8FC1805AB5600064F85 /* avatar@2x.jpg */; };
		F598F045183CA953000D4837 /* Question.m in Sources */ = {isa = PBXBuildFile; fileRef = F598F044183CA953000D4837 /* Question.m */; };
		F598F048183CA953000D4837 /* Course.m in Sources */ = {isa = PBXBuildFile; fileRef = F598F047183CA953000D4837 /* Course.m */; };
		F5CC2915182113D300D9CAE6 /* AMBubbleAccessoryView.m in Sources */ = {isa = PBXBuildFile; fileRef = F5CC28E9182113D300D9CAE6 /* AMBubbleAccessoryView.m */; };
		F5CC2916182113D300D9CAE6 /* AMBubbleFlatAccessoryView.m in Sources */ = {isa = PBXBuildFile; fileRef = F5CC28EB182113D300D9CAE6 /* AMBubbleFlatAccessoryView.m */; };
		F5CC2917182113D300D9CAE6 /* AMBubbleGlobals.m in Sources */ = {isa = PBXBuildFile; fileRef = F5CC28ED182113D300D9CAE6 /* AMBubbleGlobals.m */; };
		F5CC2918182113D300D9CAE6 /* AMBubbleTableCell.m in Sources */ = {isa = PBXBuildFile; fileRef = F5CC28EF182113D300D9CAE6 /* AMBubbleTableCell.m */; };
		F5CC2919182113D300D9CAE6 /* AMBubbleTableViewController.m in Sources */ = {isa = PBXBuildFile; fileRef = F5CC28F1182113D300D9CAE6 /* AMBubbleTableViewController.m */; };
		F5CC291A182113D300D9CAE6 /* bubbleFlatIncoming.png in Resources */ = {isa = PBXBuildFile; fileRef = F5CC28F3182113D300D9CAE6 /* bubbleFlatIncoming.png */; };
		F5CC291B182113D300D9CAE6 /* bubbleFlatIncoming@2x.png in Resources */ = {isa = PBXBuildFile; fileRef = F5CC28F4182113D300D9CAE6 /* bubbleFlatIncoming@2x.png */; };
		F5CC291C182113D300D9CAE6 /* bubbleFlatOutgoing.png in Resources */ = {isa = PBXBuildFile; fileRef = F5CC28F5182113D300D9CAE6 /* bubbleFlatOutgoing.png */; };
		F5CC291D182113D300D9CAE6 /* bubbleFlatOutgoing@2x.png in Resources */ = {isa = PBXBuildFile; fileRef = F5CC28F6182113D300D9CAE6 /* bubbleFlatOutgoing@2x.png */; };
		F5CC291E182113D300D9CAE6 /* bubbleSquareIncoming.png in Resources */ = {isa = PBXBuildFile; fileRef = F5CC28F7182113D300D9CAE6 /* bubbleSquareIncoming.png */; };
		F5CC291F182113D300D9CAE6 /* bubbleSquareIncoming@2x.png in Resources */ = {isa = PBXBuildFile; fileRef = F5CC28F8182113D300D9CAE6 /* bubbleSquareIncoming@2x.png */; };
		F5CC2920182113D300D9CAE6 /* bubbleSquareOutgoing.png in Resources */ = {isa = PBXBuildFile; fileRef = F5CC28F9182113D300D9CAE6 /* bubbleSquareOutgoing.png */; };
		F5CC2921182113D300D9CAE6 /* bubbleSquareOutgoing@2x.png in Resources */ = {isa = PBXBuildFile; fileRef = F5CC28FA182113D300D9CAE6 /* bubbleSquareOutgoing@2x.png */; };
		F5CC2922182113D300D9CAE6 /* buttonSend.png in Resources */ = {isa = PBXBuildFile; fileRef = F5CC28FB182113D300D9CAE6 /* buttonSend.png */; };
		F5CC2923182113D300D9CAE6 /* buttonSend@2x.png in Resources */ = {isa = PBXBuildFile; fileRef = F5CC28FC182113D300D9CAE6 /* buttonSend@2x.png */; };
		F5CC2924182113D300D9CAE6 /* buttonSendFlat.png in Resources */ = {isa = PBXBuildFile; fileRef = F5CC28FD182113D300D9CAE6 /* buttonSendFlat.png */; };
		F5CC2925182113D300D9CAE6 /* buttonSendFlat@2x.png in Resources */ = {isa = PBXBuildFile; fileRef = F5CC28FE182113D300D9CAE6 /* buttonSendFlat@2x.png */; };
		F5CC2926182113D300D9CAE6 /* buttonSendHighlighted.png in Resources */ = {isa = PBXBuildFile; fileRef = F5CC28FF182113D300D9CAE6 /* buttonSendHighlighted.png */; };
		F5CC2927182113D300D9CAE6 /* buttonSendHighlighted@2x.png in Resources */ = {isa = PBXBuildFile; fileRef = F5CC2900182113D300D9CAE6 /* buttonSendHighlighted@2x.png */; };
		F5CC2928182113D300D9CAE6 /* buttonSendHighlightedFlat.png in Resources */ = {isa = PBXBuildFile; fileRef = F5CC2901182113D300D9CAE6 /* buttonSendHighlightedFlat.png */; };
		F5CC2929182113D300D9CAE6 /* buttonSendHighlightedFlat@2x.png in Resources */ = {isa = PBXBuildFile; fileRef = F5CC2902182113D300D9CAE6 /* buttonSendHighlightedFlat@2x.png */; };
		F5CC292A182113D300D9CAE6 /* imageBar.png in Resources */ = {isa = PBXBuildFile; fileRef = F5CC2903182113D300D9CAE6 /* imageBar.png */; };
		F5CC292B182113D300D9CAE6 /* imageBar@2x.png in Resources */ = {isa = PBXBuildFile; fileRef = F5CC2904182113D300D9CAE6 /* imageBar@2x.png */; };
		F5CC292C182113D300D9CAE6 /* imageBarFlat.png in Resources */ = {isa = PBXBuildFile; fileRef = F5CC2905182113D300D9CAE6 /* imageBarFlat.png */; };
		F5CC292D182113D300D9CAE6 /* imageBarFlat@2x.png in Resources */ = {isa = PBXBuildFile; fileRef = F5CC2906182113D300D9CAE6 /* imageBarFlat@2x.png */; };
		F5CC292E182113D300D9CAE6 /* imageInput.png in Resources */ = {isa = PBXBuildFile; fileRef = F5CC2907182113D300D9CAE6 /* imageInput.png */; };
		F5CC292F182113D300D9CAE6 /* imageInput@2x.png in Resources */ = {isa = PBXBuildFile; fileRef = F5CC2908182113D300D9CAE6 /* imageInput@2x.png */; };
		F5CC2930182113D300D9CAE6 /* imageInputFlat.png in Resources */ = {isa = PBXBuildFile; fileRef = F5CC2909182113D300D9CAE6 /* imageInputFlat.png */; };
		F5CC2931182113D300D9CAE6 /* imageInputFlat@2x.png in Resources */ = {isa = PBXBuildFile; fileRef = F5CC290A182113D300D9CAE6 /* imageInputFlat@2x.png */; };
		F5CC2932182113D300D9CAE6 /* messageBubbleBlue.png in Resources */ = {isa = PBXBuildFile; fileRef = F5CC290B182113D300D9CAE6 /* messageBubbleBlue.png */; };
		F5CC2933182113D300D9CAE6 /* messageBubbleBlue@2x.png in Resources */ = {isa = PBXBuildFile; fileRef = F5CC290C182113D300D9CAE6 /* messageBubbleBlue@2x.png */; };
		F5CC2934182113D300D9CAE6 /* messageBubbleGray.png in Resources */ = {isa = PBXBuildFile; fileRef = F5CC290D182113D300D9CAE6 /* messageBubbleGray.png */; };
		F5CC2935182113D300D9CAE6 /* messageBubbleGray@2x.png in Resources */ = {isa = PBXBuildFile; fileRef = F5CC290E182113D300D9CAE6 /* messageBubbleGray@2x.png */; };
		F5CC2936182113D300D9CAE6 /* messageBubbleGreen.png in Resources */ = {isa = PBXBuildFile; fileRef = F5CC290F182113D300D9CAE6 /* messageBubbleGreen.png */; };
		F5CC2937182113D300D9CAE6 /* messageBubbleGreen@2x.png in Resources */ = {isa = PBXBuildFile; fileRef = F5CC2910182113D300D9CAE6 /* messageBubbleGreen@2x.png */; };
		F5CC2938182113D300D9CAE6 /* messageBubbleHighlighted.png in Resources */ = {isa = PBXBuildFile; fileRef = F5CC2911182113D300D9CAE6 /* messageBubbleHighlighted.png */; };
		F5CC2939182113D300D9CAE6 /* messageBubbleHighlighted@2x.png in Resources */ = {isa = PBXBuildFile; fileRef = F5CC2912182113D300D9CAE6 /* messageBubbleHighlighted@2x.png */; };
		F5CC293A182113D300D9CAE6 /* messageBubbleTyping.png in Resources */ = {isa = PBXBuildFile; fileRef = F5CC2913182113D300D9CAE6 /* messageBubbleTyping.png */; };
		F5CC293B182113D300D9CAE6 /* messageBubbleTyping@2x.png in Resources */ = {isa = PBXBuildFile; fileRef = F5CC2914182113D300D9CAE6 /* messageBubbleTyping@2x.png */; };
		F5CC293E182205AB00D9CAE6 /* OAQuestionDetailViewController.m in Sources */ = {isa = PBXBuildFile; fileRef = F5CC293D182205AB00D9CAE6 /* OAQuestionDetailViewController.m */; };
		F5CC29411822334000D9CAE6 /* OADataEngine.m in Sources */ = {isa = PBXBuildFile; fileRef = F5CC29401822334000D9CAE6 /* OADataEngine.m */; };
		F5CC294418236B7500D9CAE6 /* OABriefListCell.m in Sources */ = {isa = PBXBuildFile; fileRef = F5CC294318236B7500D9CAE6 /* OABriefListCell.m */; };
		F5F56D7A182A0A0C009B230C /* CollapseClick.m in Sources */ = {isa = PBXBuildFile; fileRef = F5F56D74182A0A0C009B230C /* CollapseClick.m */; };
		F5F56D7B182A0A0C009B230C /* CollapseClickArrow.m in Sources */ = {isa = PBXBuildFile; fileRef = F5F56D76182A0A0C009B230C /* CollapseClickArrow.m */; };
		F5F56D7C182A0A0C009B230C /* CollapseClickCell.m in Sources */ = {isa = PBXBuildFile; fileRef = F5F56D78182A0A0C009B230C /* CollapseClickCell.m */; };
		F5F56E94182B356E009B230C /* CollapseClickCell.xib in Resources */ = {isa = PBXBuildFile; fileRef = F5F56E93182B356E009B230C /* CollapseClickCell.xib */; };
		F5F56E99182B426D009B230C /* OALoginView.m in Sources */ = {isa = PBXBuildFile; fileRef = F5F56E98182B426D009B230C /* OALoginView.m */; };
		F5F56E9B182B5C37009B230C /* OALoginView.xib in Resources */ = {isa = PBXBuildFile; fileRef = F5F56E9A182B5C37009B230C /* OALoginView.xib */; };
		F5F56E9E182B72EA009B230C /* OARegistrationView.m in Sources */ = {isa = PBXBuildFile; fileRef = F5F56E9D182B72EA009B230C /* OARegistrationView.m */; };
		F5F56EA0182B77A7009B230C /* OARegistrationView.xib in Resources */ = {isa = PBXBuildFile; fileRef = F5F56E9F182B77A7009B230C /* OARegistrationView.xib */; };
		F5F56EF4183B121A009B230C /* TGRImageViewController.m in Sources */ = {isa = PBXBuildFile; fileRef = F5F56EEE183B121A009B230C /* TGRImageViewController.m */; };
		F5F56EF5183B121A009B230C /* TGRImageViewController.xib in Resources */ = {isa = PBXBuildFile; fileRef = F5F56EEF183B121A009B230C /* TGRImageViewController.xib */; };
		F5F56EF6183B121A009B230C /* TGRImageZoomAnimationController.m in Sources */ = {isa = PBXBuildFile; fileRef = F5F56EF1183B121A009B230C /* TGRImageZoomAnimationController.m */; };
		F5F56EF7183B121A009B230C /* UIImage+AspectFit.m in Sources */ = {isa = PBXBuildFile; fileRef = F5F56EF3183B121A009B230C /* UIImage+AspectFit.m */; };
		F5F56F43183C5DC9009B230C /* CoreData.framework in Frameworks */ = {isa = PBXBuildFile; fileRef = F5F56F42183C5DC9009B230C /* CoreData.framework */; };
		F5F56F46183C5E33009B230C /* oaquestion.xcdatamodeld in Sources */ = {isa = PBXBuildFile; fileRef = F5F56F44183C5E33009B230C /* oaquestion.xcdatamodeld */; };
		F5F77C6B1817B94F00B7CA73 /* RECommonFunctions.m in Sources */ = {isa = PBXBuildFile; fileRef = F5F77C601817B94F00B7CA73 /* RECommonFunctions.m */; };
		F5F77C6C1817B94F00B7CA73 /* REFrostedContainerViewController.m in Sources */ = {isa = PBXBuildFile; fileRef = F5F77C621817B94F00B7CA73 /* REFrostedContainerViewController.m */; };
		F5F77C6D1817B94F00B7CA73 /* REFrostedViewController.m in Sources */ = {isa = PBXBuildFile; fileRef = F5F77C641817B94F00B7CA73 /* REFrostedViewController.m */; };
		F5F77C6E1817B94F00B7CA73 /* UIImage+REFrostedViewController.m in Sources */ = {isa = PBXBuildFile; fileRef = F5F77C661817B94F00B7CA73 /* UIImage+REFrostedViewController.m */; };
		F5F77C6F1817B94F00B7CA73 /* UIView+REFrostedViewController.m in Sources */ = {isa = PBXBuildFile; fileRef = F5F77C681817B94F00B7CA73 /* UIView+REFrostedViewController.m */; };
		F5F77C701817B94F00B7CA73 /* UIViewController+REFrostedViewController.m in Sources */ = {isa = PBXBuildFile; fileRef = F5F77C6A1817B94F00B7CA73 /* UIViewController+REFrostedViewController.m */; };
		F5F77C741818EB4E00B7CA73 /* NVUIGradientButton.m in Sources */ = {isa = PBXBuildFile; fileRef = F5F77C731818EB4E00B7CA73 /* NVUIGradientButton.m */; };
		F5F77C7A1818FA8700B7CA73 /* OACourseListViewController.m in Sources */ = {isa = PBXBuildFile; fileRef = F5F77C791818FA8700B7CA73 /* OACourseListViewController.m */; };
		F5F77C7D18190DA600B7CA73 /* OAFillQuestionViewController.m in Sources */ = {isa = PBXBuildFile; fileRef = F5F77C7C18190DA600B7CA73 /* OAFillQuestionViewController.m */; };
		F5F77C80181A4C5100B7CA73 /* KMCSimpleTableViewController.m in Sources */ = {isa = PBXBuildFile; fileRef = F5F77C7F181A4C5100B7CA73 /* KMCSimpleTableViewController.m */; };
		F5F77C85181E686E00B7CA73 /* OAQuestionBreifListViewController.m in Sources */ = {isa = PBXBuildFile; fileRef = F5F77C84181E686E00B7CA73 /* OAQuestionBreifListViewController.m */; };
/* End PBXBuildFile section */

/* Begin PBXContainerItemProxy section */
		3032B8B51805A10100064F85 /* PBXContainerItemProxy */ = {
			isa = PBXContainerItemProxy;
			containerPortal = 3032B8871805A10100064F85 /* Project object */;
			proxyType = 1;
			remoteGlobalIDString = 3032B88E1805A10100064F85;
			remoteInfo = REFrostedViewControllerStoryboards;
		};
/* End PBXContainerItemProxy section */

/* Begin PBXFileReference section */
		3032B88F1805A10100064F85 /* 随身问答.app */ = {isa = PBXFileReference; explicitFileType = wrapper.application; includeInIndex = 0; path = "随身问答.app"; sourceTree = BUILT_PRODUCTS_DIR; };
		3032B8921805A10100064F85 /* Foundation.framework */ = {isa = PBXFileReference; lastKnownFileType = wrapper.framework; name = Foundation.framework; path = System/Library/Frameworks/Foundation.framework; sourceTree = SDKROOT; };
		3032B8941805A10100064F85 /* CoreGraphics.framework */ = {isa = PBXFileReference; lastKnownFileType = wrapper.framework; name = CoreGraphics.framework; path = System/Library/Frameworks/CoreGraphics.framework; sourceTree = SDKROOT; };
		3032B8961805A10100064F85 /* UIKit.framework */ = {isa = PBXFileReference; lastKnownFileType = wrapper.framework; name = UIKit.framework; path = System/Library/Frameworks/UIKit.framework; sourceTree = SDKROOT; };
		3032B89A1805A10100064F85 /* REFrostedViewControllerStoryboards-Info.plist */ = {isa = PBXFileReference; lastKnownFileType = text.plist.xml; path = "REFrostedViewControllerStoryboards-Info.plist"; sourceTree = "<group>"; };
		3032B89C1805A10100064F85 /* en */ = {isa = PBXFileReference; lastKnownFileType = text.plist.strings; name = en; path = en.lproj/InfoPlist.strings; sourceTree = "<group>"; };
		3032B89E1805A10100064F85 /* main.m */ = {isa = PBXFileReference; lastKnownFileType = sourcecode.c.objc; path = main.m; sourceTree = "<group>"; };
		3032B8A01805A10100064F85 /* REFrostedViewControllerStoryboards-Prefix.pch */ = {isa = PBXFileReference; lastKnownFileType = sourcecode.c.h; path = "REFrostedViewControllerStoryboards-Prefix.pch"; sourceTree = "<group>"; };
		3032B8A11805A10100064F85 /* DEMOAppDelegate.h */ = {isa = PBXFileReference; lastKnownFileType = sourcecode.c.h; path = DEMOAppDelegate.h; sourceTree = "<group>"; };
		3032B8A21805A10100064F85 /* DEMOAppDelegate.m */ = {isa = PBXFileReference; lastKnownFileType = sourcecode.c.objc; path = DEMOAppDelegate.m; sourceTree = "<group>"; };
		3032B8A51805A10100064F85 /* Base */ = {isa = PBXFileReference; lastKnownFileType = file.storyboard; name = Base; path = Base.lproj/Main.storyboard; sourceTree = "<group>"; };
		3032B8A71805A10100064F85 /* DEMORootViewController.h */ = {isa = PBXFileReference; lastKnownFileType = sourcecode.c.h; path = DEMORootViewController.h; sourceTree = "<group>"; };
		3032B8A81805A10100064F85 /* DEMORootViewController.m */ = {isa = PBXFileReference; lastKnownFileType = sourcecode.c.objc; path = DEMORootViewController.m; sourceTree = "<group>"; };
		3032B8AA1805A10100064F85 /* Images.xcassets */ = {isa = PBXFileReference; lastKnownFileType = folder.assetcatalog; path = Images.xcassets; sourceTree = "<group>"; };
		3032B8B01805A10100064F85 /* REFrostedViewControllerStoryboardsTests.xctest */ = {isa = PBXFileReference; explicitFileType = wrapper.cfbundle; includeInIndex = 0; path = REFrostedViewControllerStoryboardsTests.xctest; sourceTree = BUILT_PRODUCTS_DIR; };
		3032B8B11805A10100064F85 /* XCTest.framework */ = {isa = PBXFileReference; lastKnownFileType = wrapper.framework; name = XCTest.framework; path = Library/Frameworks/XCTest.framework; sourceTree = DEVELOPER_DIR; };
		3032B8CC1805A1BC00064F85 /* DEMOHomeViewController.h */ = {isa = PBXFileReference; fileEncoding = 4; lastKnownFileType = sourcecode.c.h; path = DEMOHomeViewController.h; sourceTree = "<group>"; };
		3032B8CD1805A1BC00064F85 /* DEMOHomeViewController.m */ = {isa = PBXFileReference; fileEncoding = 4; lastKnownFileType = sourcecode.c.objc; path = DEMOHomeViewController.m; sourceTree = "<group>"; };
		3032B8CF1805A1D200064F85 /* DEMOMenuViewController.h */ = {isa = PBXFileReference; fileEncoding = 4; lastKnownFileType = sourcecode.c.h; path = DEMOMenuViewController.h; sourceTree = "<group>"; };
		3032B8D01805A1D200064F85 /* DEMOMenuViewController.m */ = {isa = PBXFileReference; fileEncoding = 4; lastKnownFileType = sourcecode.c.objc; path = DEMOMenuViewController.m; sourceTree = "<group>"; };
		3032B8E51805A26500064F85 /* DEMONavigationController.h */ = {isa = PBXFileReference; fileEncoding = 4; lastKnownFileType = sourcecode.c.h; path = DEMONavigationController.h; sourceTree = "<group>"; };
		3032B8E61805A26500064F85 /* DEMONavigationController.m */ = {isa = PBXFileReference; fileEncoding = 4; lastKnownFileType = sourcecode.c.objc; path = DEMONavigationController.m; sourceTree = "<group>"; };
		3032B8E81805A4BF00064F85 /* DEMOSecondViewController.h */ = {isa = PBXFileReference; fileEncoding = 4; lastKnownFileType = sourcecode.c.h; path = DEMOSecondViewController.h; sourceTree = "<group>"; };
		3032B8E91805A4BF00064F85 /* DEMOSecondViewController.m */ = {isa = PBXFileReference; fileEncoding = 4; lastKnownFileType = sourcecode.c.objc; path = DEMOSecondViewController.m; sourceTree = "<group>"; };
		3032B8FC1805AB5600064F85 /* avatar@2x.jpg */ = {isa = PBXFileReference; lastKnownFileType = image.jpeg; path = "avatar@2x.jpg"; sourceTree = "<group>"; };
		F598F043183CA953000D4837 /* Question.h */ = {isa = PBXFileReference; fileEncoding = 4; lastKnownFileType = sourcecode.c.h; name = Question.h; path = REFrostedViewControllerStoryboards/Question.h; sourceTree = "<group>"; };
		F598F044183CA953000D4837 /* Question.m */ = {isa = PBXFileReference; fileEncoding = 4; lastKnownFileType = sourcecode.c.objc; name = Question.m; path = REFrostedViewControllerStoryboards/Question.m; sourceTree = "<group>"; };
		F598F046183CA953000D4837 /* Course.h */ = {isa = PBXFileReference; fileEncoding = 4; lastKnownFileType = sourcecode.c.h; name = Course.h; path = REFrostedViewControllerStoryboards/Course.h; sourceTree = "<group>"; };
		F598F047183CA953000D4837 /* Course.m */ = {isa = PBXFileReference; fileEncoding = 4; lastKnownFileType = sourcecode.c.objc; name = Course.m; path = REFrostedViewControllerStoryboards/Course.m; sourceTree = "<group>"; };
		F5CC28E8182113D300D9CAE6 /* AMBubbleAccessoryView.h */ = {isa = PBXFileReference; fileEncoding = 4; lastKnownFileType = sourcecode.c.h; path = AMBubbleAccessoryView.h; sourceTree = "<group>"; };
		F5CC28E9182113D300D9CAE6 /* AMBubbleAccessoryView.m */ = {isa = PBXFileReference; fileEncoding = 4; lastKnownFileType = sourcecode.c.objc; path = AMBubbleAccessoryView.m; sourceTree = "<group>"; };
		F5CC28EA182113D300D9CAE6 /* AMBubbleFlatAccessoryView.h */ = {isa = PBXFileReference; fileEncoding = 4; lastKnownFileType = sourcecode.c.h; path = AMBubbleFlatAccessoryView.h; sourceTree = "<group>"; };
		F5CC28EB182113D300D9CAE6 /* AMBubbleFlatAccessoryView.m */ = {isa = PBXFileReference; fileEncoding = 4; lastKnownFileType = sourcecode.c.objc; path = AMBubbleFlatAccessoryView.m; sourceTree = "<group>"; };
		F5CC28EC182113D300D9CAE6 /* AMBubbleGlobals.h */ = {isa = PBXFileReference; fileEncoding = 4; lastKnownFileType = sourcecode.c.h; path = AMBubbleGlobals.h; sourceTree = "<group>"; };
		F5CC28ED182113D300D9CAE6 /* AMBubbleGlobals.m */ = {isa = PBXFileReference; fileEncoding = 4; lastKnownFileType = sourcecode.c.objc; path = AMBubbleGlobals.m; sourceTree = "<group>"; };
		F5CC28EE182113D300D9CAE6 /* AMBubbleTableCell.h */ = {isa = PBXFileReference; fileEncoding = 4; lastKnownFileType = sourcecode.c.h; path = AMBubbleTableCell.h; sourceTree = "<group>"; };
		F5CC28EF182113D300D9CAE6 /* AMBubbleTableCell.m */ = {isa = PBXFileReference; fileEncoding = 4; lastKnownFileType = sourcecode.c.objc; path = AMBubbleTableCell.m; sourceTree = "<group>"; };
		F5CC28F0182113D300D9CAE6 /* AMBubbleTableViewController.h */ = {isa = PBXFileReference; fileEncoding = 4; lastKnownFileType = sourcecode.c.h; path = AMBubbleTableViewController.h; sourceTree = "<group>"; };
		F5CC28F1182113D300D9CAE6 /* AMBubbleTableViewController.m */ = {isa = PBXFileReference; fileEncoding = 4; lastKnownFileType = sourcecode.c.objc; path = AMBubbleTableViewController.m; sourceTree = "<group>"; };
		F5CC28F3182113D300D9CAE6 /* bubbleFlatIncoming.png */ = {isa = PBXFileReference; lastKnownFileType = image.png; path = bubbleFlatIncoming.png; sourceTree = "<group>"; };
		F5CC28F4182113D300D9CAE6 /* bubbleFlatIncoming@2x.png */ = {isa = PBXFileReference; lastKnownFileType = image.png; path = "bubbleFlatIncoming@2x.png"; sourceTree = "<group>"; };
		F5CC28F5182113D300D9CAE6 /* bubbleFlatOutgoing.png */ = {isa = PBXFileReference; lastKnownFileType = image.png; path = bubbleFlatOutgoing.png; sourceTree = "<group>"; };
		F5CC28F6182113D300D9CAE6 /* bubbleFlatOutgoing@2x.png */ = {isa = PBXFileReference; lastKnownFileType = image.png; path = "bubbleFlatOutgoing@2x.png"; sourceTree = "<group>"; };
		F5CC28F7182113D300D9CAE6 /* bubbleSquareIncoming.png */ = {isa = PBXFileReference; lastKnownFileType = image.png; path = bubbleSquareIncoming.png; sourceTree = "<group>"; };
		F5CC28F8182113D300D9CAE6 /* bubbleSquareIncoming@2x.png */ = {isa = PBXFileReference; lastKnownFileType = image.png; path = "bubbleSquareIncoming@2x.png"; sourceTree = "<group>"; };
		F5CC28F9182113D300D9CAE6 /* bubbleSquareOutgoing.png */ = {isa = PBXFileReference; lastKnownFileType = image.png; path = bubbleSquareOutgoing.png; sourceTree = "<group>"; };
		F5CC28FA182113D300D9CAE6 /* bubbleSquareOutgoing@2x.png */ = {isa = PBXFileReference; lastKnownFileType = image.png; path = "bubbleSquareOutgoing@2x.png"; sourceTree = "<group>"; };
		F5CC28FB182113D300D9CAE6 /* buttonSend.png */ = {isa = PBXFileReference; lastKnownFileType = image.png; path = buttonSend.png; sourceTree = "<group>"; };
		F5CC28FC182113D300D9CAE6 /* buttonSend@2x.png */ = {isa = PBXFileReference; lastKnownFileType = image.png; path = "buttonSend@2x.png"; sourceTree = "<group>"; };
		F5CC28FD182113D300D9CAE6 /* buttonSendFlat.png */ = {isa = PBXFileReference; lastKnownFileType = image.png; path = buttonSendFlat.png; sourceTree = "<group>"; };
		F5CC28FE182113D300D9CAE6 /* buttonSendFlat@2x.png */ = {isa = PBXFileReference; lastKnownFileType = image.png; path = "buttonSendFlat@2x.png"; sourceTree = "<group>"; };
		F5CC28FF182113D300D9CAE6 /* buttonSendHighlighted.png */ = {isa = PBXFileReference; lastKnownFileType = image.png; path = buttonSendHighlighted.png; sourceTree = "<group>"; };
		F5CC2900182113D300D9CAE6 /* buttonSendHighlighted@2x.png */ = {isa = PBXFileReference; lastKnownFileType = image.png; path = "buttonSendHighlighted@2x.png"; sourceTree = "<group>"; };
		F5CC2901182113D300D9CAE6 /* buttonSendHighlightedFlat.png */ = {isa = PBXFileReference; lastKnownFileType = image.png; path = buttonSendHighlightedFlat.png; sourceTree = "<group>"; };
		F5CC2902182113D300D9CAE6 /* buttonSendHighlightedFlat@2x.png */ = {isa = PBXFileReference; lastKnownFileType = image.png; path = "buttonSendHighlightedFlat@2x.png"; sourceTree = "<group>"; };
		F5CC2903182113D300D9CAE6 /* imageBar.png */ = {isa = PBXFileReference; lastKnownFileType = image.png; path = imageBar.png; sourceTree = "<group>"; };
		F5CC2904182113D300D9CAE6 /* imageBar@2x.png */ = {isa = PBXFileReference; lastKnownFileType = image.png; path = "imageBar@2x.png"; sourceTree = "<group>"; };
		F5CC2905182113D300D9CAE6 /* imageBarFlat.png */ = {isa = PBXFileReference; lastKnownFileType = image.png; path = imageBarFlat.png; sourceTree = "<group>"; };
		F5CC2906182113D300D9CAE6 /* imageBarFlat@2x.png */ = {isa = PBXFileReference; lastKnownFileType = image.png; path = "imageBarFlat@2x.png"; sourceTree = "<group>"; };
		F5CC2907182113D300D9CAE6 /* imageInput.png */ = {isa = PBXFileReference; lastKnownFileType = image.png; path = imageInput.png; sourceTree = "<group>"; };
		F5CC2908182113D300D9CAE6 /* imageInput@2x.png */ = {isa = PBXFileReference; lastKnownFileType = image.png; path = "imageInput@2x.png"; sourceTree = "<group>"; };
		F5CC2909182113D300D9CAE6 /* imageInputFlat.png */ = {isa = PBXFileReference; lastKnownFileType = image.png; path = imageInputFlat.png; sourceTree = "<group>"; };
		F5CC290A182113D300D9CAE6 /* imageInputFlat@2x.png */ = {isa = PBXFileReference; lastKnownFileType = image.png; path = "imageInputFlat@2x.png"; sourceTree = "<group>"; };
		F5CC290B182113D300D9CAE6 /* messageBubbleBlue.png */ = {isa = PBXFileReference; lastKnownFileType = image.png; path = messageBubbleBlue.png; sourceTree = "<group>"; };
		F5CC290C182113D300D9CAE6 /* messageBubbleBlue@2x.png */ = {isa = PBXFileReference; lastKnownFileType = image.png; path = "messageBubbleBlue@2x.png"; sourceTree = "<group>"; };
		F5CC290D182113D300D9CAE6 /* messageBubbleGray.png */ = {isa = PBXFileReference; lastKnownFileType = image.png; path = messageBubbleGray.png; sourceTree = "<group>"; };
		F5CC290E182113D300D9CAE6 /* messageBubbleGray@2x.png */ = {isa = PBXFileReference; lastKnownFileType = image.png; path = "messageBubbleGray@2x.png"; sourceTree = "<group>"; };
		F5CC290F182113D300D9CAE6 /* messageBubbleGreen.png */ = {isa = PBXFileReference; lastKnownFileType = image.png; path = messageBubbleGreen.png; sourceTree = "<group>"; };
		F5CC2910182113D300D9CAE6 /* messageBubbleGreen@2x.png */ = {isa = PBXFileReference; lastKnownFileType = image.png; path = "messageBubbleGreen@2x.png"; sourceTree = "<group>"; };
		F5CC2911182113D300D9CAE6 /* messageBubbleHighlighted.png */ = {isa = PBXFileReference; lastKnownFileType = image.png; path = messageBubbleHighlighted.png; sourceTree = "<group>"; };
		F5CC2912182113D300D9CAE6 /* messageBubbleHighlighted@2x.png */ = {isa = PBXFileReference; lastKnownFileType = image.png; path = "messageBubbleHighlighted@2x.png"; sourceTree = "<group>"; };
		F5CC2913182113D300D9CAE6 /* messageBubbleTyping.png */ = {isa = PBXFileReference; lastKnownFileType = image.png; path = messageBubbleTyping.png; sourceTree = "<group>"; };
		F5CC2914182113D300D9CAE6 /* messageBubbleTyping@2x.png */ = {isa = PBXFileReference; lastKnownFileType = image.png; path = "messageBubbleTyping@2x.png"; sourceTree = "<group>"; };
		F5CC293C182205AB00D9CAE6 /* OAQuestionDetailViewController.h */ = {isa = PBXFileReference; fileEncoding = 4; lastKnownFileType = sourcecode.c.h; name = OAQuestionDetailViewController.h; path = REFrostedViewControllerStoryboards/OAQuestionDetailViewController.h; sourceTree = SOURCE_ROOT; };
		F5CC293D182205AB00D9CAE6 /* OAQuestionDetailViewController.m */ = {isa = PBXFileReference; fileEncoding = 4; lastKnownFileType = sourcecode.c.objc; name = OAQuestionDetailViewController.m; path = REFrostedViewControllerStoryboards/OAQuestionDetailViewController.m; sourceTree = SOURCE_ROOT; };
		F5CC293F1822334000D9CAE6 /* OADataEngine.h */ = {isa = PBXFileReference; fileEncoding = 4; lastKnownFileType = sourcecode.c.h; path = OADataEngine.h; sourceTree = "<group>"; };
		F5CC29401822334000D9CAE6 /* OADataEngine.m */ = {isa = PBXFileReference; fileEncoding = 4; lastKnownFileType = sourcecode.c.objc; path = OADataEngine.m; sourceTree = "<group>"; };
		F5CC294218236B7500D9CAE6 /* OABriefListCell.h */ = {isa = PBXFileReference; fileEncoding = 4; lastKnownFileType = sourcecode.c.h; path = OABriefListCell.h; sourceTree = "<group>"; };
		F5CC294318236B7500D9CAE6 /* OABriefListCell.m */ = {isa = PBXFileReference; fileEncoding = 4; lastKnownFileType = sourcecode.c.objc; path = OABriefListCell.m; sourceTree = "<group>"; };
		F5F56D73182A0A0C009B230C /* CollapseClick.h */ = {isa = PBXFileReference; fileEncoding = 4; lastKnownFileType = sourcecode.c.h; path = CollapseClick.h; sourceTree = "<group>"; };
		F5F56D74182A0A0C009B230C /* CollapseClick.m */ = {isa = PBXFileReference; fileEncoding = 4; lastKnownFileType = sourcecode.c.objc; path = CollapseClick.m; sourceTree = "<group>"; };
		F5F56D75182A0A0C009B230C /* CollapseClickArrow.h */ = {isa = PBXFileReference; fileEncoding = 4; lastKnownFileType = sourcecode.c.h; path = CollapseClickArrow.h; sourceTree = "<group>"; };
		F5F56D76182A0A0C009B230C /* CollapseClickArrow.m */ = {isa = PBXFileReference; fileEncoding = 4; lastKnownFileType = sourcecode.c.objc; path = CollapseClickArrow.m; sourceTree = "<group>"; };
		F5F56D77182A0A0C009B230C /* CollapseClickCell.h */ = {isa = PBXFileReference; fileEncoding = 4; lastKnownFileType = sourcecode.c.h; path = CollapseClickCell.h; sourceTree = "<group>"; };
		F5F56D78182A0A0C009B230C /* CollapseClickCell.m */ = {isa = PBXFileReference; fileEncoding = 4; lastKnownFileType = sourcecode.c.objc; path = CollapseClickCell.m; sourceTree = "<group>"; };
		F5F56E93182B356E009B230C /* CollapseClickCell.xib */ = {isa = PBXFileReference; fileEncoding = 4; lastKnownFileType = file.xib; path = CollapseClickCell.xib; sourceTree = "<group>"; };
		F5F56E97182B426D009B230C /* OALoginView.h */ = {isa = PBXFileReference; fileEncoding = 4; lastKnownFileType = sourcecode.c.h; path = OALoginView.h; sourceTree = "<group>"; };
		F5F56E98182B426D009B230C /* OALoginView.m */ = {isa = PBXFileReference; fileEncoding = 4; lastKnownFileType = sourcecode.c.objc; path = OALoginView.m; sourceTree = "<group>"; };
		F5F56E9A182B5C37009B230C /* OALoginView.xib */ = {isa = PBXFileReference; fileEncoding = 4; lastKnownFileType = file.xib; path = OALoginView.xib; sourceTree = "<group>"; };
		F5F56E9C182B72EA009B230C /* OARegistrationView.h */ = {isa = PBXFileReference; fileEncoding = 4; lastKnownFileType = sourcecode.c.h; path = OARegistrationView.h; sourceTree = "<group>"; };
		F5F56E9D182B72EA009B230C /* OARegistrationView.m */ = {isa = PBXFileReference; fileEncoding = 4; lastKnownFileType = sourcecode.c.objc; path = OARegistrationView.m; sourceTree = "<group>"; };
		F5F56E9F182B77A7009B230C /* OARegistrationView.xib */ = {isa = PBXFileReference; fileEncoding = 4; lastKnownFileType = file.xib; path = OARegistrationView.xib; sourceTree = "<group>"; };
		F5F56EED183B121A009B230C /* TGRImageViewController.h */ = {isa = PBXFileReference; fileEncoding = 4; lastKnownFileType = sourcecode.c.h; path = TGRImageViewController.h; sourceTree = "<group>"; };
		F5F56EEE183B121A009B230C /* TGRImageViewController.m */ = {isa = PBXFileReference; fileEncoding = 4; lastKnownFileType = sourcecode.c.objc; path = TGRImageViewController.m; sourceTree = "<group>"; };
		F5F56EEF183B121A009B230C /* TGRImageViewController.xib */ = {isa = PBXFileReference; fileEncoding = 4; lastKnownFileType = file.xib; path = TGRImageViewController.xib; sourceTree = "<group>"; };
		F5F56EF0183B121A009B230C /* TGRImageZoomAnimationController.h */ = {isa = PBXFileReference; fileEncoding = 4; lastKnownFileType = sourcecode.c.h; path = TGRImageZoomAnimationController.h; sourceTree = "<group>"; };
		F5F56EF1183B121A009B230C /* TGRImageZoomAnimationController.m */ = {isa = PBXFileReference; fileEncoding = 4; lastKnownFileType = sourcecode.c.objc; path = TGRImageZoomAnimationController.m; sourceTree = "<group>"; };
		F5F56EF2183B121A009B230C /* UIImage+AspectFit.h */ = {isa = PBXFileReference; fileEncoding = 4; lastKnownFileType = sourcecode.c.h; path = "UIImage+AspectFit.h"; sourceTree = "<group>"; };
		F5F56EF3183B121A009B230C /* UIImage+AspectFit.m */ = {isa = PBXFileReference; fileEncoding = 4; lastKnownFileType = sourcecode.c.objc; path = "UIImage+AspectFit.m"; sourceTree = "<group>"; };
		F5F56F42183C5DC9009B230C /* CoreData.framework */ = {isa = PBXFileReference; lastKnownFileType = wrapper.framework; name = CoreData.framework; path = System/Library/Frameworks/CoreData.framework; sourceTree = SDKROOT; };
		F5F56F45183C5E33009B230C /* oaquestion.xcdatamodel */ = {isa = PBXFileReference; lastKnownFileType = wrapper.xcdatamodel; path = oaquestion.xcdatamodel; sourceTree = "<group>"; };
		F5F77C5F1817B94F00B7CA73 /* RECommonFunctions.h */ = {isa = PBXFileReference; fileEncoding = 4; lastKnownFileType = sourcecode.c.h; path = RECommonFunctions.h; sourceTree = "<group>"; };
		F5F77C601817B94F00B7CA73 /* RECommonFunctions.m */ = {isa = PBXFileReference; fileEncoding = 4; lastKnownFileType = sourcecode.c.objc; path = RECommonFunctions.m; sourceTree = "<group>"; };
		F5F77C611817B94F00B7CA73 /* REFrostedContainerViewController.h */ = {isa = PBXFileReference; fileEncoding = 4; lastKnownFileType = sourcecode.c.h; path = REFrostedContainerViewController.h; sourceTree = "<group>"; };
		F5F77C621817B94F00B7CA73 /* REFrostedContainerViewController.m */ = {isa = PBXFileReference; fileEncoding = 4; lastKnownFileType = sourcecode.c.objc; path = REFrostedContainerViewController.m; sourceTree = "<group>"; };
		F5F77C631817B94F00B7CA73 /* REFrostedViewController.h */ = {isa = PBXFileReference; fileEncoding = 4; lastKnownFileType = sourcecode.c.h; path = REFrostedViewController.h; sourceTree = "<group>"; };
		F5F77C641817B94F00B7CA73 /* REFrostedViewController.m */ = {isa = PBXFileReference; fileEncoding = 4; lastKnownFileType = sourcecode.c.objc; path = REFrostedViewController.m; sourceTree = "<group>"; };
		F5F77C651817B94F00B7CA73 /* UIImage+REFrostedViewController.h */ = {isa = PBXFileReference; fileEncoding = 4; lastKnownFileType = sourcecode.c.h; path = "UIImage+REFrostedViewController.h"; sourceTree = "<group>"; };
		F5F77C661817B94F00B7CA73 /* UIImage+REFrostedViewController.m */ = {isa = PBXFileReference; fileEncoding = 4; lastKnownFileType = sourcecode.c.objc; path = "UIImage+REFrostedViewController.m"; sourceTree = "<group>"; };
		F5F77C671817B94F00B7CA73 /* UIView+REFrostedViewController.h */ = {isa = PBXFileReference; fileEncoding = 4; lastKnownFileType = sourcecode.c.h; path = "UIView+REFrostedViewController.h"; sourceTree = "<group>"; };
		F5F77C681817B94F00B7CA73 /* UIView+REFrostedViewController.m */ = {isa = PBXFileReference; fileEncoding = 4; lastKnownFileType = sourcecode.c.objc; path = "UIView+REFrostedViewController.m"; sourceTree = "<group>"; };
		F5F77C691817B94F00B7CA73 /* UIViewController+REFrostedViewController.h */ = {isa = PBXFileReference; fileEncoding = 4; lastKnownFileType = sourcecode.c.h; path = "UIViewController+REFrostedViewController.h"; sourceTree = "<group>"; };
		F5F77C6A1817B94F00B7CA73 /* UIViewController+REFrostedViewController.m */ = {isa = PBXFileReference; fileEncoding = 4; lastKnownFileType = sourcecode.c.objc; path = "UIViewController+REFrostedViewController.m"; sourceTree = "<group>"; };
		F5F77C721818EB4E00B7CA73 /* NVUIGradientButton.h */ = {isa = PBXFileReference; fileEncoding = 4; lastKnownFileType = sourcecode.c.h; path = NVUIGradientButton.h; sourceTree = "<group>"; };
		F5F77C731818EB4E00B7CA73 /* NVUIGradientButton.m */ = {isa = PBXFileReference; fileEncoding = 4; lastKnownFileType = sourcecode.c.objc; path = NVUIGradientButton.m; sourceTree = "<group>"; };
		F5F77C781818FA8700B7CA73 /* OACourseListViewController.h */ = {isa = PBXFileReference; fileEncoding = 4; lastKnownFileType = sourcecode.c.h; path = OACourseListViewController.h; sourceTree = "<group>"; };
		F5F77C791818FA8700B7CA73 /* OACourseListViewController.m */ = {isa = PBXFileReference; fileEncoding = 4; lastKnownFileType = sourcecode.c.objc; path = OACourseListViewController.m; sourceTree = "<group>"; };
		F5F77C7B18190DA600B7CA73 /* OAFillQuestionViewController.h */ = {isa = PBXFileReference; fileEncoding = 4; lastKnownFileType = sourcecode.c.h; path = OAFillQuestionViewController.h; sourceTree = "<group>"; };
		F5F77C7C18190DA600B7CA73 /* OAFillQuestionViewController.m */ = {isa = PBXFileReference; fileEncoding = 4; lastKnownFileType = sourcecode.c.objc; path = OAFillQuestionViewController.m; sourceTree = "<group>"; };
		F5F77C7E181A4C5100B7CA73 /* KMCSimpleTableViewController.h */ = {isa = PBXFileReference; fileEncoding = 4; lastKnownFileType = sourcecode.c.h; path = KMCSimpleTableViewController.h; sourceTree = "<group>"; };
		F5F77C7F181A4C5100B7CA73 /* KMCSimpleTableViewController.m */ = {isa = PBXFileReference; fileEncoding = 4; lastKnownFileType = sourcecode.c.objc; path = KMCSimpleTableViewController.m; sourceTree = "<group>"; };
		F5F77C83181E686E00B7CA73 /* OAQuestionBreifListViewController.h */ = {isa = PBXFileReference; fileEncoding = 4; lastKnownFileType = sourcecode.c.h; path = OAQuestionBreifListViewController.h; sourceTree = "<group>"; };
		F5F77C84181E686E00B7CA73 /* OAQuestionBreifListViewController.m */ = {isa = PBXFileReference; fileEncoding = 4; lastKnownFileType = sourcecode.c.objc; path = OAQuestionBreifListViewController.m; sourceTree = "<group>"; };
/* End PBXFileReference section */

/* Begin PBXFrameworksBuildPhase section */
		3032B88C1805A10100064F85 /* Frameworks */ = {
			isa = PBXFrameworksBuildPhase;
			buildActionMask = 2147483647;
			files = (
				F5F56F43183C5DC9009B230C /* CoreData.framework in Frameworks */,
				3032B8951805A10100064F85 /* CoreGraphics.framework in Frameworks */,
				3032B8971805A10100064F85 /* UIKit.framework in Frameworks */,
				3032B8931805A10100064F85 /* Foundation.framework in Frameworks */,
			);
			runOnlyForDeploymentPostprocessing = 0;
		};
		3032B8AD1805A10100064F85 /* Frameworks */ = {
			isa = PBXFrameworksBuildPhase;
			buildActionMask = 2147483647;
			files = (
				3032B8B21805A10100064F85 /* XCTest.framework in Frameworks */,
				3032B8B41805A10100064F85 /* UIKit.framework in Frameworks */,
				3032B8B31805A10100064F85 /* Foundation.framework in Frameworks */,
			);
			runOnlyForDeploymentPostprocessing = 0;
		};
/* End PBXFrameworksBuildPhase section */

/* Begin PBXGroup section */
		3032B8861805A10100064F85 = {
			isa = PBXGroup;
			children = (
				F598F03C183CA861000D4837 /* DataEngine */,
				F5F56EEC183B121A009B230C /* Vertigo */,
				F5F56D72182A0A0C009B230C /* CollapseClick */,
				F5CC28E7182113D300D9CAE6 /* AMBubbleTableViewController */,
				F5F77C711818EB4E00B7CA73 /* NVUIGradientButton */,
				F5F77C5E1817B94F00B7CA73 /* REFrostedViewController */,
				3032B8981805A10100064F85 /* REFrostedViewControllerStoryboards */,
				3032B8911805A10100064F85 /* Frameworks */,
				3032B8901805A10100064F85 /* Products */,
			);
			sourceTree = "<group>";
		};
		3032B8901805A10100064F85 /* Products */ = {
			isa = PBXGroup;
			children = (
				3032B88F1805A10100064F85 /* 随身问答.app */,
				3032B8B01805A10100064F85 /* REFrostedViewControllerStoryboardsTests.xctest */,
			);
			name = Products;
			sourceTree = "<group>";
		};
		3032B8911805A10100064F85 /* Frameworks */ = {
			isa = PBXGroup;
			children = (
				F5F56F42183C5DC9009B230C /* CoreData.framework */,
				3032B8921805A10100064F85 /* Foundation.framework */,
				3032B8941805A10100064F85 /* CoreGraphics.framework */,
				3032B8961805A10100064F85 /* UIKit.framework */,
				3032B8B11805A10100064F85 /* XCTest.framework */,
			);
			name = Frameworks;
			sourceTree = "<group>";
		};
		3032B8981805A10100064F85 /* REFrostedViewControllerStoryboards */ = {
			isa = PBXGroup;
			children = (
				3032B8FB1805AB4600064F85 /* Controllers */,
				3032B8A11805A10100064F85 /* DEMOAppDelegate.h */,
				3032B8A21805A10100064F85 /* DEMOAppDelegate.m */,
				3032B8FC1805AB5600064F85 /* avatar@2x.jpg */,
				3032B8A41805A10100064F85 /* Main.storyboard */,
				3032B8AA1805A10100064F85 /* Images.xcassets */,
				3032B8991805A10100064F85 /* Supporting Files */,
			);
			path = REFrostedViewControllerStoryboards;
			sourceTree = "<group>";
		};
		3032B8991805A10100064F85 /* Supporting Files */ = {
			isa = PBXGroup;
			children = (
				3032B89A1805A10100064F85 /* REFrostedViewControllerStoryboards-Info.plist */,
				3032B89B1805A10100064F85 /* InfoPlist.strings */,
				3032B89E1805A10100064F85 /* main.m */,
				3032B8A01805A10100064F85 /* REFrostedViewControllerStoryboards-Prefix.pch */,
			);
			name = "Supporting Files";
			sourceTree = "<group>";
		};
		3032B8FB1805AB4600064F85 /* Controllers */ = {
			isa = PBXGroup;
			children = (
				3032B8A71805A10100064F85 /* DEMORootViewController.h */,
				3032B8A81805A10100064F85 /* DEMORootViewController.m */,
				F5CC293C182205AB00D9CAE6 /* OAQuestionDetailViewController.h */,
				F5CC293D182205AB00D9CAE6 /* OAQuestionDetailViewController.m */,
				3032B8CC1805A1BC00064F85 /* DEMOHomeViewController.h */,
				3032B8CD1805A1BC00064F85 /* DEMOHomeViewController.m */,
				F5F77C7E181A4C5100B7CA73 /* KMCSimpleTableViewController.h */,
				F5F77C7F181A4C5100B7CA73 /* KMCSimpleTableViewController.m */,
				3032B8CF1805A1D200064F85 /* DEMOMenuViewController.h */,
				F5CC294218236B7500D9CAE6 /* OABriefListCell.h */,
				F5CC294318236B7500D9CAE6 /* OABriefListCell.m */,
				3032B8D01805A1D200064F85 /* DEMOMenuViewController.m */,
				F5CC293F1822334000D9CAE6 /* OADataEngine.h */,
				F5CC29401822334000D9CAE6 /* OADataEngine.m */,
				F5F77C83181E686E00B7CA73 /* OAQuestionBreifListViewController.h */,
				F5F77C84181E686E00B7CA73 /* OAQuestionBreifListViewController.m */,
				3032B8E51805A26500064F85 /* DEMONavigationController.h */,
				3032B8E61805A26500064F85 /* DEMONavigationController.m */,
				3032B8E81805A4BF00064F85 /* DEMOSecondViewController.h */,
				3032B8E91805A4BF00064F85 /* DEMOSecondViewController.m */,
				F5F77C781818FA8700B7CA73 /* OACourseListViewController.h */,
				F5F77C791818FA8700B7CA73 /* OACourseListViewController.m */,
				F5F77C7B18190DA600B7CA73 /* OAFillQuestionViewController.h */,
				F5F77C7C18190DA600B7CA73 /* OAFillQuestionViewController.m */,
			);
			name = Controllers;
			sourceTree = "<group>";
		};
		F598F03C183CA861000D4837 /* DataEngine */ = {
			isa = PBXGroup;
			children = (
				F5F56F44183C5E33009B230C /* oaquestion.xcdatamodeld */,
				F598F046183CA953000D4837 /* Course.h */,
				F598F047183CA953000D4837 /* Course.m */,
				F598F043183CA953000D4837 /* Question.h */,
				F598F044183CA953000D4837 /* Question.m */,
			);
			name = DataEngine;
			sourceTree = "<group>";
		};
		F5CC28E7182113D300D9CAE6 /* AMBubbleTableViewController */ = {
			isa = PBXGroup;
			children = (
				F5CC28E8182113D300D9CAE6 /* AMBubbleAccessoryView.h */,
				F5CC28E9182113D300D9CAE6 /* AMBubbleAccessoryView.m */,
				F5CC28EA182113D300D9CAE6 /* AMBubbleFlatAccessoryView.h */,
				F5CC28EB182113D300D9CAE6 /* AMBubbleFlatAccessoryView.m */,
				F5CC28EC182113D300D9CAE6 /* AMBubbleGlobals.h */,
				F5CC28ED182113D300D9CAE6 /* AMBubbleGlobals.m */,
				F5CC28EE182113D300D9CAE6 /* AMBubbleTableCell.h */,
				F5CC28EF182113D300D9CAE6 /* AMBubbleTableCell.m */,
				F5CC28F0182113D300D9CAE6 /* AMBubbleTableViewController.h */,
				F5CC28F1182113D300D9CAE6 /* AMBubbleTableViewController.m */,
				F5CC28F2182113D300D9CAE6 /* Resources */,
			);
			path = AMBubbleTableViewController;
			sourceTree = "<group>";
		};
		F5CC28F2182113D300D9CAE6 /* Resources */ = {
			isa = PBXGroup;
			children = (
				F5CC28F3182113D300D9CAE6 /* bubbleFlatIncoming.png */,
				F5CC28F4182113D300D9CAE6 /* bubbleFlatIncoming@2x.png */,
				F5CC28F5182113D300D9CAE6 /* bubbleFlatOutgoing.png */,
				F5CC28F6182113D300D9CAE6 /* bubbleFlatOutgoing@2x.png */,
				F5CC28F7182113D300D9CAE6 /* bubbleSquareIncoming.png */,
				F5CC28F8182113D300D9CAE6 /* bubbleSquareIncoming@2x.png */,
				F5CC28F9182113D300D9CAE6 /* bubbleSquareOutgoing.png */,
				F5CC28FA182113D300D9CAE6 /* bubbleSquareOutgoing@2x.png */,
				F5CC28FB182113D300D9CAE6 /* buttonSend.png */,
				F5CC28FC182113D300D9CAE6 /* buttonSend@2x.png */,
				F5CC28FD182113D300D9CAE6 /* buttonSendFlat.png */,
				F5CC28FE182113D300D9CAE6 /* buttonSendFlat@2x.png */,
				F5CC28FF182113D300D9CAE6 /* buttonSendHighlighted.png */,
				F5CC2900182113D300D9CAE6 /* buttonSendHighlighted@2x.png */,
				F5CC2901182113D300D9CAE6 /* buttonSendHighlightedFlat.png */,
				F5CC2902182113D300D9CAE6 /* buttonSendHighlightedFlat@2x.png */,
				F5CC2903182113D300D9CAE6 /* imageBar.png */,
				F5CC2904182113D300D9CAE6 /* imageBar@2x.png */,
				F5CC2905182113D300D9CAE6 /* imageBarFlat.png */,
				F5CC2906182113D300D9CAE6 /* imageBarFlat@2x.png */,
				F5CC2907182113D300D9CAE6 /* imageInput.png */,
				F5CC2908182113D300D9CAE6 /* imageInput@2x.png */,
				F5CC2909182113D300D9CAE6 /* imageInputFlat.png */,
				F5CC290A182113D300D9CAE6 /* imageInputFlat@2x.png */,
				F5CC290B182113D300D9CAE6 /* messageBubbleBlue.png */,
				F5CC290C182113D300D9CAE6 /* messageBubbleBlue@2x.png */,
				F5CC290D182113D300D9CAE6 /* messageBubbleGray.png */,
				F5CC290E182113D300D9CAE6 /* messageBubbleGray@2x.png */,
				F5CC290F182113D300D9CAE6 /* messageBubbleGreen.png */,
				F5CC2910182113D300D9CAE6 /* messageBubbleGreen@2x.png */,
				F5CC2911182113D300D9CAE6 /* messageBubbleHighlighted.png */,
				F5CC2912182113D300D9CAE6 /* messageBubbleHighlighted@2x.png */,
				F5CC2913182113D300D9CAE6 /* messageBubbleTyping.png */,
				F5CC2914182113D300D9CAE6 /* messageBubbleTyping@2x.png */,
			);
			path = Resources;
			sourceTree = "<group>";
		};
		F5F56D72182A0A0C009B230C /* CollapseClick */ = {
			isa = PBXGroup;
			children = (
				F5F56D73182A0A0C009B230C /* CollapseClick.h */,
				F5F56E9C182B72EA009B230C /* OARegistrationView.h */,
				F5F56E9D182B72EA009B230C /* OARegistrationView.m */,
				F5F56E9F182B77A7009B230C /* OARegistrationView.xib */,
				F5F56D74182A0A0C009B230C /* CollapseClick.m */,
				F5F56D75182A0A0C009B230C /* CollapseClickArrow.h */,
				F5F56E93182B356E009B230C /* CollapseClickCell.xib */,
				F5F56D76182A0A0C009B230C /* CollapseClickArrow.m */,
				F5F56D77182A0A0C009B230C /* CollapseClickCell.h */,
				F5F56D78182A0A0C009B230C /* CollapseClickCell.m */,
				F5F56E9A182B5C37009B230C /* OALoginView.xib */,
				F5F56E97182B426D009B230C /* OALoginView.h */,
				F5F56E98182B426D009B230C /* OALoginView.m */,
			);
			path = CollapseClick;
			sourceTree = "<group>";
		};
		F5F56EEC183B121A009B230C /* Vertigo */ = {
			isa = PBXGroup;
			children = (
				F5F56EED183B121A009B230C /* TGRImageViewController.h */,
				F5F56EEE183B121A009B230C /* TGRImageViewController.m */,
				F5F56EEF183B121A009B230C /* TGRImageViewController.xib */,
				F5F56EF0183B121A009B230C /* TGRImageZoomAnimationController.h */,
				F5F56EF1183B121A009B230C /* TGRImageZoomAnimationController.m */,
				F5F56EF2183B121A009B230C /* UIImage+AspectFit.h */,
				F5F56EF3183B121A009B230C /* UIImage+AspectFit.m */,
			);
			path = Vertigo;
			sourceTree = "<group>";
		};
		F5F77C5E1817B94F00B7CA73 /* REFrostedViewController */ = {
			isa = PBXGroup;
			children = (
				F5F77C5F1817B94F00B7CA73 /* RECommonFunctions.h */,
				F5F77C601817B94F00B7CA73 /* RECommonFunctions.m */,
				F5F77C611817B94F00B7CA73 /* REFrostedContainerViewController.h */,
				F5F77C621817B94F00B7CA73 /* REFrostedContainerViewController.m */,
				F5F77C631817B94F00B7CA73 /* REFrostedViewController.h */,
				F5F77C641817B94F00B7CA73 /* REFrostedViewController.m */,
				F5F77C651817B94F00B7CA73 /* UIImage+REFrostedViewController.h */,
				F5F77C661817B94F00B7CA73 /* UIImage+REFrostedViewController.m */,
				F5F77C671817B94F00B7CA73 /* UIView+REFrostedViewController.h */,
				F5F77C681817B94F00B7CA73 /* UIView+REFrostedViewController.m */,
				F5F77C691817B94F00B7CA73 /* UIViewController+REFrostedViewController.h */,
				F5F77C6A1817B94F00B7CA73 /* UIViewController+REFrostedViewController.m */,
			);
			path = REFrostedViewController;
			sourceTree = "<group>";
		};
		F5F77C711818EB4E00B7CA73 /* NVUIGradientButton */ = {
			isa = PBXGroup;
			children = (
				F5F77C721818EB4E00B7CA73 /* NVUIGradientButton.h */,
				F5F77C731818EB4E00B7CA73 /* NVUIGradientButton.m */,
			);
			path = NVUIGradientButton;
			sourceTree = "<group>";
		};
/* End PBXGroup section */

/* Begin PBXNativeTarget section */
		3032B88E1805A10100064F85 /* REFrostedViewControllerStoryboards */ = {
			isa = PBXNativeTarget;
			buildConfigurationList = 3032B8C11805A10100064F85 /* Build configuration list for PBXNativeTarget "REFrostedViewControllerStoryboards" */;
			buildPhases = (
				3032B88B1805A10100064F85 /* Sources */,
				3032B88C1805A10100064F85 /* Frameworks */,
				3032B88D1805A10100064F85 /* Resources */,
			);
			buildRules = (
			);
			dependencies = (
			);
			name = REFrostedViewControllerStoryboards;
			productName = REFrostedViewControllerStoryboards;
			productReference = 3032B88F1805A10100064F85 /* 随身问答.app */;
			productType = "com.apple.product-type.application";
		};
		3032B8AF1805A10100064F85 /* REFrostedViewControllerStoryboardsTests */ = {
			isa = PBXNativeTarget;
			buildConfigurationList = 3032B8C41805A10100064F85 /* Build configuration list for PBXNativeTarget "REFrostedViewControllerStoryboardsTests" */;
			buildPhases = (
				3032B8AC1805A10100064F85 /* Sources */,
				3032B8AD1805A10100064F85 /* Frameworks */,
				3032B8AE1805A10100064F85 /* Resources */,
			);
			buildRules = (
			);
			dependencies = (
				3032B8B61805A10100064F85 /* PBXTargetDependency */,
			);
			name = REFrostedViewControllerStoryboardsTests;
			productName = REFrostedViewControllerStoryboardsTests;
			productReference = 3032B8B01805A10100064F85 /* REFrostedViewControllerStoryboardsTests.xctest */;
			productType = "com.apple.product-type.bundle.unit-test";
		};
/* End PBXNativeTarget section */

/* Begin PBXProject section */
		3032B8871805A10100064F85 /* Project object */ = {
			isa = PBXProject;
			attributes = {
				CLASSPREFIX = DEMO;
				LastUpgradeCheck = 0500;
				ORGANIZATIONNAME = "Roman Efimov";
				TargetAttributes = {
					3032B8AF1805A10100064F85 = {
						TestTargetID = 3032B88E1805A10100064F85;
					};
				};
			};
			buildConfigurationList = 3032B88A1805A10100064F85 /* Build configuration list for PBXProject "REFrostedViewControllerStoryboards" */;
			compatibilityVersion = "Xcode 3.2";
			developmentRegion = English;
			hasScannedForEncodings = 0;
			knownRegions = (
				en,
				Base,
			);
			mainGroup = 3032B8861805A10100064F85;
			productRefGroup = 3032B8901805A10100064F85 /* Products */;
			projectDirPath = "";
			projectRoot = "";
			targets = (
				3032B88E1805A10100064F85 /* REFrostedViewControllerStoryboards */,
				3032B8AF1805A10100064F85 /* REFrostedViewControllerStoryboardsTests */,
			);
		};
/* End PBXProject section */

/* Begin PBXResourcesBuildPhase section */
		3032B88D1805A10100064F85 /* Resources */ = {
			isa = PBXResourcesBuildPhase;
			buildActionMask = 2147483647;
			files = (
				3032B8AB1805A10100064F85 /* Images.xcassets in Resources */,
				F5CC2920182113D300D9CAE6 /* bubbleSquareOutgoing.png in Resources */,
				F5CC2932182113D300D9CAE6 /* messageBubbleBlue.png in Resources */,
				F5CC2934182113D300D9CAE6 /* messageBubbleGray.png in Resources */,
				F5CC291F182113D300D9CAE6 /* bubbleSquareIncoming@2x.png in Resources */,
				3032B8FD1805AB5600064F85 /* avatar@2x.jpg in Resources */,
				F5CC2928182113D300D9CAE6 /* buttonSendHighlightedFlat.png in Resources */,
				F5F56E9B182B5C37009B230C /* OALoginView.xib in Resources */,
				F5CC291E182113D300D9CAE6 /* bubbleSquareIncoming.png in Resources */,
				F5CC2936182113D300D9CAE6 /* messageBubbleGreen.png in Resources */,
				F5CC291C182113D300D9CAE6 /* bubbleFlatOutgoing.png in Resources */,
				F5CC2930182113D300D9CAE6 /* imageInputFlat.png in Resources */,
				F5CC293B182113D300D9CAE6 /* messageBubbleTyping@2x.png in Resources */,
				F5CC2923182113D300D9CAE6 /* buttonSend@2x.png in Resources */,
				F5F56EA0182B77A7009B230C /* OARegistrationView.xib in Resources */,
				F5CC291A182113D300D9CAE6 /* bubbleFlatIncoming.png in Resources */,
				F5CC291B182113D300D9CAE6 /* bubbleFlatIncoming@2x.png in Resources */,
				F5CC292B182113D300D9CAE6 /* imageBar@2x.png in Resources */,
				F5CC291D182113D300D9CAE6 /* bubbleFlatOutgoing@2x.png in Resources */,
				F5CC2921182113D300D9CAE6 /* bubbleSquareOutgoing@2x.png in Resources */,
				F5CC292F182113D300D9CAE6 /* imageInput@2x.png in Resources */,
				F5CC2939182113D300D9CAE6 /* messageBubbleHighlighted@2x.png in Resources */,
				F5F56EF5183B121A009B230C /* TGRImageViewController.xib in Resources */,
				F5CC2922182113D300D9CAE6 /* buttonSend.png in Resources */,
				3032B89D1805A10100064F85 /* InfoPlist.strings in Resources */,
				F5CC2937182113D300D9CAE6 /* messageBubbleGreen@2x.png in Resources */,
				F5CC293A182113D300D9CAE6 /* messageBubbleTyping.png in Resources */,
				F5CC2938182113D300D9CAE6 /* messageBubbleHighlighted.png in Resources */,
				F5CC292E182113D300D9CAE6 /* imageInput.png in Resources */,
				F5CC292D182113D300D9CAE6 /* imageBarFlat@2x.png in Resources */,
				F5CC2929182113D300D9CAE6 /* buttonSendHighlightedFlat@2x.png in Resources */,
				F5CC2931182113D300D9CAE6 /* imageInputFlat@2x.png in Resources */,
				3032B8A61805A10100064F85 /* Main.storyboard in Resources */,
				F5CC292C182113D300D9CAE6 /* imageBarFlat.png in Resources */,
				F5CC2935182113D300D9CAE6 /* messageBubbleGray@2x.png in Resources */,
				F5CC2924182113D300D9CAE6 /* buttonSendFlat.png in Resources */,
				F5CC2926182113D300D9CAE6 /* buttonSendHighlighted.png in Resources */,
				F5CC292A182113D300D9CAE6 /* imageBar.png in Resources */,
				F5CC2927182113D300D9CAE6 /* buttonSendHighlighted@2x.png in Resources */,
				F5CC2933182113D300D9CAE6 /* messageBubbleBlue@2x.png in Resources */,
				F5CC2925182113D300D9CAE6 /* buttonSendFlat@2x.png in Resources */,
				F5F56E94182B356E009B230C /* CollapseClickCell.xib in Resources */,
			);
			runOnlyForDeploymentPostprocessing = 0;
		};
		3032B8AE1805A10100064F85 /* Resources */ = {
			isa = PBXResourcesBuildPhase;
			buildActionMask = 2147483647;
			files = (
			);
			runOnlyForDeploymentPostprocessing = 0;
		};
/* End PBXResourcesBuildPhase section */

/* Begin PBXSourcesBuildPhase section */
		3032B88B1805A10100064F85 /* Sources */ = {
			isa = PBXSourcesBuildPhase;
			buildActionMask = 2147483647;
			files = (
				3032B8CE1805A1BC00064F85 /* DEMOHomeViewController.m in Sources */,
				F5F77C741818EB4E00B7CA73 /* NVUIGradientButton.m in Sources */,
				F5CC293E182205AB00D9CAE6 /* OAQuestionDetailViewController.m in Sources */,
				F5F77C6C1817B94F00B7CA73 /* REFrostedContainerViewController.m in Sources */,
				3032B89F1805A10100064F85 /* main.m in Sources */,
				F5F56EF7183B121A009B230C /* UIImage+AspectFit.m in Sources */,
				3032B8A91805A10100064F85 /* DEMORootViewController.m in Sources */,
				F5F56E9E182B72EA009B230C /* OARegistrationView.m in Sources */,
				F598F045183CA953000D4837 /* Question.m in Sources */,
				F5F77C7A1818FA8700B7CA73 /* OACourseListViewController.m in Sources */,
				F5CC2915182113D300D9CAE6 /* AMBubbleAccessoryView.m in Sources */,
				3032B8EA1805A4BF00064F85 /* DEMOSecondViewController.m in Sources */,
				F5F77C7D18190DA600B7CA73 /* OAFillQuestionViewController.m in Sources */,
				F5F77C701817B94F00B7CA73 /* UIViewController+REFrostedViewController.m in Sources */,
				F5F77C6E1817B94F00B7CA73 /* UIImage+REFrostedViewController.m in Sources */,
				3032B8D11805A1D200064F85 /* DEMOMenuViewController.m in Sources */,
				F5F56D7C182A0A0C009B230C /* CollapseClickCell.m in Sources */,
				3032B8A31805A10100064F85 /* DEMOAppDelegate.m in Sources */,
				F5F56F46183C5E33009B230C /* oaquestion.xcdatamodeld in Sources */,
				F5CC2919182113D300D9CAE6 /* AMBubbleTableViewController.m in Sources */,
				F5CC2917182113D300D9CAE6 /* AMBubbleGlobals.m in Sources */,
				F5F77C6F1817B94F00B7CA73 /* UIView+REFrostedViewController.m in Sources */,
				F5F56EF4183B121A009B230C /* TGRImageViewController.m in Sources */,
				F5F77C80181A4C5100B7CA73 /* KMCSimpleTableViewController.m in Sources */,
				3032B8E71805A26500064F85 /* DEMONavigationController.m in Sources */,
				F5F56D7B182A0A0C009B230C /* CollapseClickArrow.m in Sources */,
				F5F77C6B1817B94F00B7CA73 /* RECommonFunctions.m in Sources */,
				F5F56EF6183B121A009B230C /* TGRImageZoomAnimationController.m in Sources */,
				F598F048183CA953000D4837 /* Course.m in Sources */,
				F5F56D7A182A0A0C009B230C /* CollapseClick.m in Sources */,
				F5CC294418236B7500D9CAE6 /* OABriefListCell.m in Sources */,
				F5F77C6D1817B94F00B7CA73 /* REFrostedViewController.m in Sources */,
				F5CC29411822334000D9CAE6 /* OADataEngine.m in Sources */,
				F5F56E99182B426D009B230C /* OALoginView.m in Sources */,
				F5CC2916182113D300D9CAE6 /* AMBubbleFlatAccessoryView.m in Sources */,
				F5CC2918182113D300D9CAE6 /* AMBubbleTableCell.m in Sources */,
				F5F77C85181E686E00B7CA73 /* OAQuestionBreifListViewController.m in Sources */,
			);
			runOnlyForDeploymentPostprocessing = 0;
		};
		3032B8AC1805A10100064F85 /* Sources */ = {
			isa = PBXSourcesBuildPhase;
			buildActionMask = 2147483647;
			files = (
			);
			runOnlyForDeploymentPostprocessing = 0;
		};
/* End PBXSourcesBuildPhase section */

/* Begin PBXTargetDependency section */
		3032B8B61805A10100064F85 /* PBXTargetDependency */ = {
			isa = PBXTargetDependency;
			target = 3032B88E1805A10100064F85 /* REFrostedViewControllerStoryboards */;
			targetProxy = 3032B8B51805A10100064F85 /* PBXContainerItemProxy */;
		};
/* End PBXTargetDependency section */

/* Begin PBXVariantGroup section */
		3032B89B1805A10100064F85 /* InfoPlist.strings */ = {
			isa = PBXVariantGroup;
			children = (
				3032B89C1805A10100064F85 /* en */,
			);
			name = InfoPlist.strings;
			sourceTree = "<group>";
		};
		3032B8A41805A10100064F85 /* Main.storyboard */ = {
			isa = PBXVariantGroup;
			children = (
				3032B8A51805A10100064F85 /* Base */,
			);
			name = Main.storyboard;
			sourceTree = "<group>";
		};
/* End PBXVariantGroup section */

/* Begin XCBuildConfiguration section */
		3032B8BF1805A10100064F85 /* Debug */ = {
			isa = XCBuildConfiguration;
			buildSettings = {
				ALWAYS_SEARCH_USER_PATHS = NO;
				ARCHS = "$(ARCHS_STANDARD_INCLUDING_64_BIT)";
				CLANG_CXX_LANGUAGE_STANDARD = "gnu++0x";
				CLANG_CXX_LIBRARY = "libc++";
				CLANG_ENABLE_MODULES = YES;
				CLANG_ENABLE_OBJC_ARC = YES;
				CLANG_WARN_BOOL_CONVERSION = YES;
				CLANG_WARN_CONSTANT_CONVERSION = YES;
				CLANG_WARN_DIRECT_OBJC_ISA_USAGE = YES_ERROR;
				CLANG_WARN_EMPTY_BODY = YES;
				CLANG_WARN_ENUM_CONVERSION = YES;
				CLANG_WARN_INT_CONVERSION = YES;
				CLANG_WARN_OBJC_ROOT_CLASS = YES_ERROR;
				CLANG_WARN__DUPLICATE_METHOD_MATCH = YES;
				CODE_SIGN_IDENTITY = "iPhone Developer: iphone.dev.101 cienet (L9T8943A5L)";
				"CODE_SIGN_IDENTITY[sdk=iphoneos*]" = "iPhone Developer: iphone.dev.101 cienet (L9T8943A5L)";
				COPY_PHASE_STRIP = NO;
				GCC_C_LANGUAGE_STANDARD = gnu99;
				GCC_DYNAMIC_NO_PIC = NO;
				GCC_OPTIMIZATION_LEVEL = 0;
				GCC_PREPROCESSOR_DEFINITIONS = (
					"DEBUG=1",
					"$(inherited)",
				);
				GCC_SYMBOLS_PRIVATE_EXTERN = NO;
				GCC_WARN_64_TO_32_BIT_CONVERSION = YES;
				GCC_WARN_ABOUT_RETURN_TYPE = YES_ERROR;
				GCC_WARN_UNDECLARED_SELECTOR = YES;
				GCC_WARN_UNINITIALIZED_AUTOS = YES;
				GCC_WARN_UNUSED_FUNCTION = YES;
				GCC_WARN_UNUSED_VARIABLE = YES;
				IPHONEOS_DEPLOYMENT_TARGET = 7.0;
				ONLY_ACTIVE_ARCH = YES;
				SDKROOT = iphoneos;
			};
			name = Debug;
		};
		3032B8C01805A10100064F85 /* Release */ = {
			isa = XCBuildConfiguration;
			buildSettings = {
				ALWAYS_SEARCH_USER_PATHS = NO;
				ARCHS = "$(ARCHS_STANDARD_INCLUDING_64_BIT)";
				CLANG_CXX_LANGUAGE_STANDARD = "gnu++0x";
				CLANG_CXX_LIBRARY = "libc++";
				CLANG_ENABLE_MODULES = YES;
				CLANG_ENABLE_OBJC_ARC = YES;
				CLANG_WARN_BOOL_CONVERSION = YES;
				CLANG_WARN_CONSTANT_CONVERSION = YES;
				CLANG_WARN_DIRECT_OBJC_ISA_USAGE = YES_ERROR;
				CLANG_WARN_EMPTY_BODY = YES;
				CLANG_WARN_ENUM_CONVERSION = YES;
				CLANG_WARN_INT_CONVERSION = YES;
				CLANG_WARN_OBJC_ROOT_CLASS = YES_ERROR;
				CLANG_WARN__DUPLICATE_METHOD_MATCH = YES;
				CODE_SIGN_IDENTITY = "iPhone Developer: iphone.dev.101 cienet (L9T8943A5L)";
				"CODE_SIGN_IDENTITY[sdk=iphoneos*]" = "iPhone Developer: iphone.dev.101 cienet (L9T8943A5L)";
				COPY_PHASE_STRIP = YES;
				ENABLE_NS_ASSERTIONS = NO;
				GCC_C_LANGUAGE_STANDARD = gnu99;
				GCC_WARN_64_TO_32_BIT_CONVERSION = YES;
				GCC_WARN_ABOUT_RETURN_TYPE = YES_ERROR;
				GCC_WARN_UNDECLARED_SELECTOR = YES;
				GCC_WARN_UNINITIALIZED_AUTOS = YES;
				GCC_WARN_UNUSED_FUNCTION = YES;
				GCC_WARN_UNUSED_VARIABLE = YES;
				IPHONEOS_DEPLOYMENT_TARGET = 7.0;
				SDKROOT = iphoneos;
				VALIDATE_PRODUCT = YES;
			};
			name = Release;
		};
		3032B8C21805A10100064F85 /* Debug */ = {
			isa = XCBuildConfiguration;
			buildSettings = {
				ASSETCATALOG_COMPILER_APPICON_NAME = AppIcon;
				ASSETCATALOG_COMPILER_LAUNCHIMAGE_NAME = LaunchImage;
				GCC_PRECOMPILE_PREFIX_HEADER = YES;
				GCC_PREFIX_HEADER = "REFrostedViewControllerStoryboards/REFrostedViewControllerStoryboards-Prefix.pch";
				INFOPLIST_FILE = "REFrostedViewControllerStoryboards/REFrostedViewControllerStoryboards-Info.plist";
				IPHONEOS_DEPLOYMENT_TARGET = 6.1;
				PRODUCT_NAME = "随身问答";
				WRAPPER_EXTENSION = app;
			};
			name = Debug;
		};
		3032B8C31805A10100064F85 /* Release */ = {
			isa = XCBuildConfiguration;
			buildSettings = {
				ASSETCATALOG_COMPILER_APPICON_NAME = AppIcon;
				ASSETCATALOG_COMPILER_LAUNCHIMAGE_NAME = LaunchImage;
				GCC_PRECOMPILE_PREFIX_HEADER = YES;
				GCC_PREFIX_HEADER = "REFrostedViewControllerStoryboards/REFrostedViewControllerStoryboards-Prefix.pch";
				INFOPLIST_FILE = "REFrostedViewControllerStoryboards/REFrostedViewControllerStoryboards-Info.plist";
				IPHONEOS_DEPLOYMENT_TARGET = 6.1;
				PRODUCT_NAME = "随身问答";
				WRAPPER_EXTENSION = app;
			};
			name = Release;
		};
		3032B8C51805A10100064F85 /* Debug */ = {
			isa = XCBuildConfiguration;
			buildSettings = {
				ARCHS = "$(ARCHS_STANDARD_INCLUDING_64_BIT)";
				BUNDLE_LOADER = "$(BUILT_PRODUCTS_DIR)/REFrostedViewControllerStoryboards.app/REFrostedViewControllerStoryboards";
				FRAMEWORK_SEARCH_PATHS = (
					"$(SDKROOT)/Developer/Library/Frameworks",
					"$(inherited)",
					"$(DEVELOPER_FRAMEWORKS_DIR)",
				);
				GCC_PRECOMPILE_PREFIX_HEADER = YES;
				GCC_PREFIX_HEADER = "REFrostedViewControllerStoryboards/REFrostedViewControllerStoryboards-Prefix.pch";
				GCC_PREPROCESSOR_DEFINITIONS = (
					"DEBUG=1",
					"$(inherited)",
				);
				INFOPLIST_FILE = "REFrostedViewControllerStoryboardsTests/REFrostedViewControllerStoryboardsTests-Info.plist";
				PRODUCT_NAME = "$(TARGET_NAME)";
				TEST_HOST = "$(BUNDLE_LOADER)";
				WRAPPER_EXTENSION = xctest;
			};
			name = Debug;
		};
		3032B8C61805A10100064F85 /* Release */ = {
			isa = XCBuildConfiguration;
			buildSettings = {
				ARCHS = "$(ARCHS_STANDARD_INCLUDING_64_BIT)";
				BUNDLE_LOADER = "$(BUILT_PRODUCTS_DIR)/REFrostedViewControllerStoryboards.app/REFrostedViewControllerStoryboards";
				FRAMEWORK_SEARCH_PATHS = (
					"$(SDKROOT)/Developer/Library/Frameworks",
					"$(inherited)",
					"$(DEVELOPER_FRAMEWORKS_DIR)",
				);
				GCC_PRECOMPILE_PREFIX_HEADER = YES;
				GCC_PREFIX_HEADER = "REFrostedViewControllerStoryboards/REFrostedViewControllerStoryboards-Prefix.pch";
				INFOPLIST_FILE = "REFrostedViewControllerStoryboardsTests/REFrostedViewControllerStoryboardsTests-Info.plist";
				PRODUCT_NAME = "$(TARGET_NAME)";
				TEST_HOST = "$(BUNDLE_LOADER)";
				WRAPPER_EXTENSION = xctest;
			};
			name = Release;
		};
/* End XCBuildConfiguration section */

/* Begin XCConfigurationList section */
		3032B88A1805A10100064F85 /* Build configuration list for PBXProject "REFrostedViewControllerStoryboards" */ = {
			isa = XCConfigurationList;
			buildConfigurations = (
				3032B8BF1805A10100064F85 /* Debug */,
				3032B8C01805A10100064F85 /* Release */,
			);
			defaultConfigurationIsVisible = 0;
			defaultConfigurationName = Release;
		};
		3032B8C11805A10100064F85 /* Build configuration list for PBXNativeTarget "REFrostedViewControllerStoryboards" */ = {
			isa = XCConfigurationList;
			buildConfigurations = (
				3032B8C21805A10100064F85 /* Debug */,
				3032B8C31805A10100064F85 /* Release */,
			);
			defaultConfigurationIsVisible = 0;
			defaultConfigurationName = Release;
		};
		3032B8C41805A10100064F85 /* Build configuration list for PBXNativeTarget "REFrostedViewControllerStoryboardsTests" */ = {
			isa = XCConfigurationList;
			buildConfigurations = (
				3032B8C51805A10100064F85 /* Debug */,
				3032B8C61805A10100064F85 /* Release */,
			);
			defaultConfigurationIsVisible = 0;
			defaultConfigurationName = Release;
		};
/* End XCConfigurationList section */

/* Begin XCVersionGroup section */
		F5F56F44183C5E33009B230C /* oaquestion.xcdatamodeld */ = {
			isa = XCVersionGroup;
			children = (
				F5F56F45183C5E33009B230C /* oaquestion.xcdatamodel */,
			);
			currentVersion = F5F56F45183C5E33009B230C /* oaquestion.xcdatamodel */;
			name = oaquestion.xcdatamodeld;
			path = REFrostedViewControllerStoryboards/oaquestion.xcdatamodeld;
			sourceTree = "<group>";
			versionGroupType = wrapper.xcdatamodel;
		};
/* End XCVersionGroup section */
	};
	rootObject = 3032B8871805A10100064F85 /* Project object */;
}
